
Microsoft Visual Studio Solution File, Format Version 12.00
# Visual Studio Version 16
VisualStudioVersion = 16.0.33328.57
MinimumVisualStudioVersion = 10.0.40219.1
Project("{FAE04EC0-301F-11D3-BF4B-00C04F79EFBC}") = "IdentificandoReajusteSalarial", "IdentificandoReajusteSalarial\IdentificandoReajusteSalarial.csproj", "{C3C380F2-6C5D-4233-86F9-001678E25C9F}"
EndProject
Global
	GlobalSection(SolutionConfigurationPlatforms) = preSolution
		Debug|Any CPU = Debug|Any CPU
		Release|Any CPU = Release|Any CPU
	EndGlobalSection
	GlobalSection(ProjectConfigurationPlatforms) = postSolution
		{C3C380F2-6C5D-4233-86F9-001678E25C9F}.Debug|Any CPU.ActiveCfg = Debug|Any CPU
		{C3C380F2-6C5D-4233-86F9-001678E25C9F}.Debug|Any CPU.Build.0 = Debug|Any CPU
		{C3C380F2-6C5D-4233-86F9-001678E25C9F}.Release|Any CPU.ActiveCfg = Release|Any CPU
		{C3C380F2-6C5D-4233-86F9-001678E25C9F}.Release|Any CPU.Build.0 = Release|Any CPU
	EndGlobalSection
	GlobalSection(SolutionProperties) = preSolution
		HideSolutionNode = FALSE
	EndGlobalSection
	GlobalSection(ExtensibilityGlobals) = postSolution
		SolutionGuid = {49754223-36E9-4EB9-BB51-115BA44BE20C}
	EndGlobalSection
EndGlobal
